
Microsoft Visual Studio Solution File, Format Version 12.00
Project("{FAE04EC0-301F-11D3-BF4B-00C04F79EFBC}") = "ProductCatalogWebApp.API", "ProductCatalogWebApp.API\ProductCatalogWebApp.API.csproj", "{5A3FF44F-EF82-44D4-A103-9E60DE5E9C5E}"
EndProject
Project("{FAE04EC0-301F-11D3-BF4B-00C04F79EFBC}") = "ProductCatalogWebApp.Domain", "ProductCatalogWebApp.Domain\ProductCatalogWebApp.Domain.csproj", "{C05478D1-70E5-4B55-888D-67CE27418F3D}"
EndProject
Project("{FAE04EC0-301F-11D3-BF4B-00C04F79EFBC}") = "ProductCatalogWebApp.Application", "ProductCatalogWebApp.Application\ProductCatalogWebApp.Application.csproj", "{D783C66D-6D89-428A-9676-402ECAB9DB7D}"
EndProject
Project("{FAE04EC0-301F-11D3-BF4B-00C04F79EFBC}") = "ProductCatalogWebApp.Persistence", "ProductCatalogWebApp.Persistence\ProductCatalogWebApp.Persistence.csproj", "{5A29F3BD-0918-4E3D-94FB-8234EAEB2351}"
EndProject
Global
	GlobalSection(SolutionConfigurationPlatforms) = preSolution
		Debug|Any CPU = Debug|Any CPU
		Release|Any CPU = Release|Any CPU
	EndGlobalSection
	GlobalSection(ProjectConfigurationPlatforms) = postSolution
		{5A3FF44F-EF82-44D4-A103-9E60DE5E9C5E}.Debug|Any CPU.ActiveCfg = Debug|Any CPU
		{5A3FF44F-EF82-44D4-A103-9E60DE5E9C5E}.Debug|Any CPU.Build.0 = Debug|Any CPU
		{5A3FF44F-EF82-44D4-A103-9E60DE5E9C5E}.Release|Any CPU.ActiveCfg = Release|Any CPU
		{5A3FF44F-EF82-44D4-A103-9E60DE5E9C5E}.Release|Any CPU.Build.0 = Release|Any CPU
		{C05478D1-70E5-4B55-888D-67CE27418F3D}.Debug|Any CPU.ActiveCfg = Debug|Any CPU
		{C05478D1-70E5-4B55-888D-67CE27418F3D}.Debug|Any CPU.Build.0 = Debug|Any CPU
		{C05478D1-70E5-4B55-888D-67CE27418F3D}.Release|Any CPU.ActiveCfg = Release|Any CPU
		{C05478D1-70E5-4B55-888D-67CE27418F3D}.Release|Any CPU.Build.0 = Release|Any CPU
		{D783C66D-6D89-428A-9676-402ECAB9DB7D}.Debug|Any CPU.ActiveCfg = Debug|Any CPU
		{D783C66D-6D89-428A-9676-402ECAB9DB7D}.Debug|Any CPU.Build.0 = Debug|Any CPU
		{D783C66D-6D89-428A-9676-402ECAB9DB7D}.Release|Any CPU.ActiveCfg = Release|Any CPU
		{D783C66D-6D89-428A-9676-402ECAB9DB7D}.Release|Any CPU.Build.0 = Release|Any CPU
		{5A29F3BD-0918-4E3D-94FB-8234EAEB2351}.Debug|Any CPU.ActiveCfg = Debug|Any CPU
		{5A29F3BD-0918-4E3D-94FB-8234EAEB2351}.Debug|Any CPU.Build.0 = Debug|Any CPU
		{5A29F3BD-0918-4E3D-94FB-8234EAEB2351}.Release|Any CPU.ActiveCfg = Release|Any CPU
		{5A29F3BD-0918-4E3D-94FB-8234EAEB2351}.Release|Any CPU.Build.0 = Release|Any CPU
	EndGlobalSection
EndGlobal
